
Microsoft Visual Studio Solution File, Format Version 12.00
# Visual Studio Version 17
VisualStudioVersion = 17.5.33530.505
MinimumVisualStudioVersion = 10.0.40219.1
Project("{8BC9CEB8-8B4A-11D0-8D11-00A0C91BC942}") = "SnakeGame", "SnakeGame\SnakeGame.vcxproj", "{EFB97EEC-123E-4116-96E6-7A9574313731}"
EndProject
Global
	GlobalSection(SolutionConfigurationPlatforms) = preSolution
		Debug|x64 = Debug|x64
		Debug|x86 = Debug|x86
		Release|x64 = Release|x64
		Release|x86 = Release|x86
	EndGlobalSection
	GlobalSection(ProjectConfigurationPlatforms) = postSolution
		{EFB97EEC-123E-4116-96E6-7A9574313731}.Debug|x64.ActiveCfg = Debug|x64
		{EFB97EEC-123E-4116-96E6-7A9574313731}.Debug|x64.Build.0 = Debug|x64
		{EFB97EEC-123E-4116-96E6-7A9574313731}.Debug|x86.ActiveCfg = Debug|Win32
		{EFB97EEC-123E-4116-96E6-7A9574313731}.Debug|x86.Build.0 = Debug|Win32
		{EFB97EEC-123E-4116-96E6-7A9574313731}.Release|x64.ActiveCfg = Release|x64
		{EFB97EEC-123E-4116-96E6-7A9574313731}.Release|x64.Build.0 = Release|x64
		{EFB97EEC-123E-4116-96E6-7A9574313731}.Release|x86.ActiveCfg = Release|Win32
		{EFB97EEC-123E-4116-96E6-7A9574313731}.Release|x86.Build.0 = Release|Win32
	EndGlobalSection
	GlobalSection(SolutionProperties) = preSolution
		HideSolutionNode = FALSE
	EndGlobalSection
	GlobalSection(ExtensibilityGlobals) = postSolution
		SolutionGuid = {FB6D5776-1129-44D6-B9FF-9DD7E09793A8}
	EndGlobalSection
EndGlobal
